{
  "originHash" : "46d11644ec1696cded79edbb5b3ec8584b76e99bf2419c2f507ea04bcd2182b9",
  "pins" : [
    {
      "identity" : "swift-algorithms",
      "kind" : "remoteSourceControl",
      "location" : "https://github.com/apple/swift-algorithms",
      "state" : {
        "branch" : "main",
        "revision" : "09dc5e4354e3d7191bbe361758392687c051eb07"
      }
    },
    {
      "identity" : "swift-docc-plugin",
      "kind" : "remoteSourceControl",
      "location" : "https://github.com/swiftlang/swift-docc-plugin",
      "state" : {
        "branch" : "main",
        "revision" : "5761ba99b5ae31a294fe136a57b191b69ac159f9"
      }
    },
    {
      "identity" : "swift-docc-symbolkit",
      "kind" : "remoteSourceControl",
      "location" : "https://github.com/swiftlang/swift-docc-symbolkit",
      "state" : {
        "revision" : "b45d1f2ed151d057b54504d653e0da5552844e34",
        "version" : "1.0.0"
      }
    },
    {
      "identity" : "swift-numerics",
      "kind" : "remoteSourceControl",
      "location" : "https://github.com/apple/swift-numerics.git",
      "state" : {
        "revision" : "0a5bc04095a675662cf24757cc0640aa2204253b",
        "version" : "1.0.2"
      }
    },
    {
      "identity" : "thrappture",
      "kind" : "remoteSourceControl",
      "location" : "https://github.com/Catterwaul/Thrappture",
      "state" : {
        "branch" : "main",
        "revision" : "9406628331a72335395e49b4a7029098aa163f97"
      }
    },
    {
      "identity" : "tuplay",
      "kind" : "remoteSourceControl",
      "location" : "https://github.com/Catterwaul/Tuplay",
      "state" : {
        "branch" : "main",
        "revision" : "424419c472c0887a3a58b3436d32f83c9fe15406"
      }
    }
  ],
  "version" : 3
}
