{
  "originHash" : "33b8c8b6c0260405dd0f450e10bbc70360b253fd822a53574c5b3261ee1f6c79",
  "pins" : [
    {
      "identity" : "swift-algorithms",
      "kind" : "remoteSourceControl",
      "location" : "https://github.com/apple/swift-algorithms",
      "state" : {
        "branch" : "main",
        "revision" : "09dc5e4354e3d7191bbe361758392687c051eb07"
      }
    },
    {
      "identity" : "swift-docc-plugin",
      "kind" : "remoteSourceControl",
      "location" : "https://github.com/swiftlang/swift-docc-plugin",
      "state" : {
        "branch" : "main",
        "revision" : "5761ba99b5ae31a294fe136a57b191b69ac159f9"
      }
    },
    {
      "identity" : "swift-docc-symbolkit",
      "kind" : "remoteSourceControl",
      "location" : "https://github.com/swiftlang/swift-docc-symbolkit",
      "state" : {
        "revision" : "b45d1f2ed151d057b54504d653e0da5552844e34",
        "version" : "1.0.0"
      }
    },
    {
      "identity" : "swift-numerics",
      "kind" : "remoteSourceControl",
      "location" : "https://github.com/apple/swift-numerics.git",
      "state" : {
        "revision" : "0a5bc04095a675662cf24757cc0640aa2204253b",
        "version" : "1.0.2"
      }
    },
    {
      "identity" : "thrappture",
      "kind" : "remoteSourceControl",
      "location" : "https://github.com/Catterwaul/Thrappture",
      "state" : {
        "branch" : "main",
        "revision" : "9fd6fb84f6f60159219885776407b16a24c0e4a6"
      }
    },
    {
      "identity" : "tuplay",
      "kind" : "remoteSourceControl",
      "location" : "https://github.com/Catterwaul/Tuplay",
      "state" : {
        "branch" : "swift-6",
        "revision" : "556e8f2161964295bbf954c4caebff503c84134e"
      }
    }
  ],
  "version" : 3
}
